{
  "name": "@phobos-maptool/dto",
  "version": "0.1.0",
  "lockfileVersion": 3,
  "requires": true,
  "packages": {
    "": {
      "name": "@phobos-maptool/dto",
      "version": "0.1.0",
      "dependencies": {
        "@phobos-maptool/models": "file:../models",
        "@phobos-maptool/protocol": "file:../protocol"
      }
    },
    "../models": {
      "name": "@phobos-maptool/models",
      "version": "0.1.0"
    },
    "../protocol": {
      "name": "@phobos-maptool/protcol",
      "version": "0.1.0",
      "devDependencies": {
        "ts-proto": "^1.125.0",
        "ts-protoc-gen": "^0.15.0",
        "typescript": "^5.7.3"
      }
    },
    "node_modules/@phobos-maptool/models": {
      "resolved": "../models",
      "link": true
    },
    "node_modules/@phobos-maptool/protocol": {
      "resolved": "../protocol",
      "link": true
    }
  }
}
